
Microsoft Visual Studio Solution File, Format Version 12.00
# Visual Studio 15
VisualStudioVersion = 15.0.28307.271
MinimumVisualStudioVersion = 10.0.40219.1
Project("{FAE04EC0-301F-11D3-BF4B-00C04F79EFBC}") = "ExpressionTrees", "ExpressionTrees\ExpressionTrees.csproj", "{DCBFC41E-9E27-45FD-B8F2-49C86B0B5C65}"
EndProject
Global
	GlobalSection(SolutionConfigurationPlatforms) = preSolution
		Debug|Any CPU = Debug|Any CPU
		Release|Any CPU = Release|Any CPU
	EndGlobalSection
	GlobalSection(ProjectConfigurationPlatforms) = postSolution
		{DCBFC41E-9E27-45FD-B8F2-49C86B0B5C65}.Debug|Any CPU.ActiveCfg = Debug|Any CPU
		{DCBFC41E-9E27-45FD-B8F2-49C86B0B5C65}.Debug|Any CPU.Build.0 = Debug|Any CPU
		{DCBFC41E-9E27-45FD-B8F2-49C86B0B5C65}.Release|Any CPU.ActiveCfg = Release|Any CPU
		{DCBFC41E-9E27-45FD-B8F2-49C86B0B5C65}.Release|Any CPU.Build.0 = Release|Any CPU
	EndGlobalSection
	GlobalSection(SolutionProperties) = preSolution
		HideSolutionNode = FALSE
	EndGlobalSection
	GlobalSection(ExtensibilityGlobals) = postSolution
		SolutionGuid = {7B1EC51D-9D65-404E-85F8-6F7AA10621A5}
	EndGlobalSection
EndGlobal
